{
  "name": "vue-sourcecode-study",
  "version": "1.0.0",
  "lockfileVersion": 1,
  "requires": true,
  "dependencies": {
    "flow-bin": {
      "version": "0.98.1",
      "resolved": "https://registry.npm.taobao.org/flow-bin/download/flow-bin-0.98.1.tgz",
      "integrity": "sha1-qNeBYhyRcD32mSisyDyXd+L8u0k=",
      "dev": true
    }
  }
}
